
Microsoft Visual Studio Solution File, Format Version 12.00
# Visual Studio Version 16
VisualStudioVersion = 16.0.29613.14
MinimumVisualStudioVersion = 10.0.40219.1
Project("{8BC9CEB8-8B4A-11D0-8D11-00A0C91BC942}") = "AddressBookWithCPlusPlus20200803", "AddressBookWithCPlusPlus20200803\AddressBookWithCPlusPlus20200803.vcxproj", "{341FF478-3EF8-46BB-B726-63DA1B6512E9}"
EndProject
Global
	GlobalSection(SolutionConfigurationPlatforms) = preSolution
		Debug|x64 = Debug|x64
		Debug|x86 = Debug|x86
		Release|x64 = Release|x64
		Release|x86 = Release|x86
	EndGlobalSection
	GlobalSection(ProjectConfigurationPlatforms) = postSolution
		{341FF478-3EF8-46BB-B726-63DA1B6512E9}.Debug|x64.ActiveCfg = Debug|x64
		{341FF478-3EF8-46BB-B726-63DA1B6512E9}.Debug|x64.Build.0 = Debug|x64
		{341FF478-3EF8-46BB-B726-63DA1B6512E9}.Debug|x86.ActiveCfg = Debug|Win32
		{341FF478-3EF8-46BB-B726-63DA1B6512E9}.Debug|x86.Build.0 = Debug|Win32
		{341FF478-3EF8-46BB-B726-63DA1B6512E9}.Release|x64.ActiveCfg = Release|x64
		{341FF478-3EF8-46BB-B726-63DA1B6512E9}.Release|x64.Build.0 = Release|x64
		{341FF478-3EF8-46BB-B726-63DA1B6512E9}.Release|x86.ActiveCfg = Release|Win32
		{341FF478-3EF8-46BB-B726-63DA1B6512E9}.Release|x86.Build.0 = Release|Win32
	EndGlobalSection
	GlobalSection(SolutionProperties) = preSolution
		HideSolutionNode = FALSE
	EndGlobalSection
	GlobalSection(ExtensibilityGlobals) = postSolution
		SolutionGuid = {BCC85D2B-13B2-42BD-9192-6EDF66B97198}
	EndGlobalSection
EndGlobal
