
Microsoft Visual Studio Solution File, Format Version 12.00
# Visual Studio Version 16
VisualStudioVersion = 16.0.29613.14
MinimumVisualStudioVersion = 10.0.40219.1
Project("{8BC9CEB8-8B4A-11D0-8D11-00A0C91BC942}") = "AddressBook20200316", "AddressBook20200316\AddressBook20200316.vcxproj", "{1C2548C8-5290-4C7E-8D50-3E7F1C059787}"
EndProject
Global
	GlobalSection(SolutionConfigurationPlatforms) = preSolution
		Debug|x64 = Debug|x64
		Debug|x86 = Debug|x86
		Release|x64 = Release|x64
		Release|x86 = Release|x86
	EndGlobalSection
	GlobalSection(ProjectConfigurationPlatforms) = postSolution
		{1C2548C8-5290-4C7E-8D50-3E7F1C059787}.Debug|x64.ActiveCfg = Debug|x64
		{1C2548C8-5290-4C7E-8D50-3E7F1C059787}.Debug|x64.Build.0 = Debug|x64
		{1C2548C8-5290-4C7E-8D50-3E7F1C059787}.Debug|x86.ActiveCfg = Debug|Win32
		{1C2548C8-5290-4C7E-8D50-3E7F1C059787}.Debug|x86.Build.0 = Debug|Win32
		{1C2548C8-5290-4C7E-8D50-3E7F1C059787}.Release|x64.ActiveCfg = Release|x64
		{1C2548C8-5290-4C7E-8D50-3E7F1C059787}.Release|x64.Build.0 = Release|x64
		{1C2548C8-5290-4C7E-8D50-3E7F1C059787}.Release|x86.ActiveCfg = Release|Win32
		{1C2548C8-5290-4C7E-8D50-3E7F1C059787}.Release|x86.Build.0 = Release|Win32
	EndGlobalSection
	GlobalSection(SolutionProperties) = preSolution
		HideSolutionNode = FALSE
	EndGlobalSection
	GlobalSection(ExtensibilityGlobals) = postSolution
		SolutionGuid = {C210FC4D-FBAC-4412-89FA-3F3198E0695D}
	EndGlobalSection
EndGlobal
